cloud.google.com/go v0.11.0 h1:ukd2WtdaIyqp6dpJ0xj70J8RGCQYj2P9eES13KSvU/E=
cloud.google.com/go v0.11.0/go.mod h1:aQUYkXzVsufM+DwF1aE+0xfcU+56JwCaLick0ClmMTw=
github.com/Azure/azure-sdk-for-go v10.2.1-beta+incompatible h1:/x4W7ZQV4PHJYnLUgKubojM8T+zlFEDdaBazAnA/QCY=
github.com/Azure/azure-sdk-for-go v10.2.1-beta+incompatible/go.mod h1:9XXNKU+eRnpl9moKnB4QOLf1HestfXbmab5FXxiDBjc=
github.com/Azure/go-autorest v8.3.0+incompatible h1:1h/NgLS2P9MViIbLeTEqE22RYXk54WWJHvVj40VRnow=
github.com/Azure/go-autorest v8.3.0+incompatible/go.mod h1:r+4oMnoxhatjLLJ6zxSWATqVooLgysK6ZNox3g/xq24=
github.com/aws/aws-sdk-go v1.10.27 h1:PqHiH4W8Na+o936LZeNF35h+G6RnEYMWRuleY9SnbDQ=
github.com/aws/aws-sdk-go v1.10.27/go.mod h1:ZRmQr0FajVIyZ4ZzBYKG5P3ZqPz9IHG41ZoMu1ADI3k=
github.com/cheekybits/is v0.0.0-20150225183255-68e9c0620927 h1:SKI1/fuSdodxmNNyVBR8d7X/HuLnRpvvFO0AgyQk764=
github.com/cheekybits/is v0.0.0-20150225183255-68e9c0620927/go.mod h1:h/aW8ynjgkuj+NQRlZcDbAbM1ORAbXjXX77sX7T289U=
github.com/dgrijalva/jwt-go v3.0.0+incompatible h1:nfVqwkkhaRUethVJaQf5TUFdFr3YUF4lJBTf/F2XwVI=
github.com/dgrijalva/jwt-go v3.0.0+incompatible/go.mod h1:E3ru+11k8xSBh+hMPgOLZmtrrCbhqsmaPHjLKYnJCaQ=
github.com/go-ini/ini v1.28.2 h1:drmmYv7psRpoGZkPtPKKTB+ZFSnvmwCMfNj5o1nLh2Y=
github.com/go-ini/ini v1.28.2/go.mod h1:ByCAeIL28uOIIG0E3PJtZPDL8WnHpFKFOtgjp+3Ies8=
github.com/golang/protobuf v0.0.0-20170816001514-ab9f9a6dab16/go.mod h1:6lQm79b+lXiMfvg/cZm0SGofjICqVBUtrP5yJMmIC1U=
github.com/graymeta/stow v0.0.0-20181107234548-e103a5dba16f h1:Yu0NUK/omlW4b/xPlH6RXZtpXoPToUz+6/v3ttkaWiA=
github.com/graymeta/stow v0.0.0-20181107234548-e103a5dba16f/go.mod h1:B24dekNjtWVeREK+dyMHtI22d85VzCT+sX5bVWDtjoA=
github.com/graymeta/stow v0.1.0 h1:pWKNKoXoMHbGP2BNFVNf3SWKXWwopGOQevyHl3UlbyA=
github.com/graymeta/stow v0.1.0/go.mod h1:B24dekNjtWVeREK+dyMHtI22d85VzCT+sX5bVWDtjoA=
github.com/jmespath/go-jmespath v0.0.0-20151117175822-3433f3ea46d9 h1:1SlajWtS+u/6x2Be5vrHyrbSxkeIf/+ISBu//kmjpnc=
github.com/jmespath/go-jmespath v0.0.0-20151117175822-3433f3ea46d9/go.mod h1:Nht3zPeWKUH0NzdCt2Blrr5ys8VGpn0CEB0cQHVjt7k=
github.com/ncw/swift v0.0.0-20170811095147-af59a5adcdb5 h1:YhaGwbXcBVf5BjSO7+tFUB4Wb/G7zd1ZFum19YqRKvo=
github.com/ncw/swift v0.0.0-20170811095147-af59a5adcdb5/go.mod h1:23YIA4yWVnGwv2dQlN4bB7egfYX6YLn0Yo/S6zZO/ZM=
github.com/pkg/errors v0.8.0 h1:WdK/asTD0HN+q6hsWO3/vpuAkAr+tw6aNJNDFFf0+qw=
github.com/pkg/errors v0.8.0/go.mod h1:bwawxfHBFNV+L2hUp1rHADufV3IMtnDRdf1r5NINEl0=
github.com/satori/uuid v1.1.0 h1:ZS7eEEVHlX8VYf4sjZMpx4RO5emTVEAZn99aO+uBFXI=
github.com/satori/uuid v1.1.0/go.mod h1:B8HLsPLik/YNn6KKWVMDJ8nzCL8RP5WyfsnmvnAEwIU=
golang.org/x/net v0.0.0-20170523201210-186fd3fc8194 h1:e1qmEKHAhpUEZNZ6cdCkPmKIlW24jP57D1rVpnw1lR4=
golang.org/x/net v0.0.0-20170523201210-186fd3fc8194/go.mod h1:mL1N/T3taQHkDXs73rZJwtUhF3w3ftmwwsq0BUmARs4=
golang.org/x/oauth2 v0.0.0-20170807180024-9a379c6b3e95 h1:RS+wSrhdVci7CsPwJaMN8exaP3UTuQU0qB34R/E/JD0=
golang.org/x/oauth2 v0.0.0-20170807180024-9a379c6b3e95/go.mod h1:N/0e6XlmueqKjAGxoOufVs8QHGRruUQn6yWY3a++T0U=
google.golang.org/api v0.0.0-20170810114755-98825bb0065d h1:kj7jSv5U2lNyCj0Ob8C/Jpzm0z5wRAOV7n6neKIH62c=
google.golang.org/api v0.0.0-20170810114755-98825bb0065d/go.mod h1:4mhQ8q/RsB7i+udVvVy5NUi08OU8ZlA0gRVgrF7VFY0=
google.golang.org/appengine v1.0.0/go.mod h1:EbEs0AVv82hx2wNQdGPgUI5lhzA/G0D9YwlJXL52JkM=
